// !$*UTF8*$!
{
	archiveVersion = 1;
	classes = {
	};
	objectVersion = 50;
	objects = {

/* Begin PBXBuildFile section */
		08094C4825DF54390093315B /* AppDelegate.swift in Sources */ = {isa = PBXBuildFile; fileRef = 08094C4725DF54390093315B /* AppDelegate.swift */; };
		08094C4A25DF54390093315B /* SceneDelegate.swift in Sources */ = {isa = PBXBuildFile; fileRef = 08094C4925DF54390093315B /* SceneDelegate.swift */; };
		08094C4F25DF54390093315B /* Main.storyboard in Resources */ = {isa = PBXBuildFile; fileRef = 08094C4D25DF54390093315B /* Main.storyboard */; };
		08094C5125DF543C0093315B /* Assets.xcassets in Resources */ = {isa = PBXBuildFile; fileRef = 08094C5025DF543C0093315B /* Assets.xcassets */; };
		08094C5425DF543C0093315B /* LaunchScreen.storyboard in Resources */ = {isa = PBXBuildFile; fileRef = 08094C5225DF543C0093315B /* LaunchScreen.storyboard */; };
		08094C5E25DF61360093315B /* TableViewController.swift in Sources */ = {isa = PBXBuildFile; fileRef = 08094C5D25DF61360093315B /* TableViewController.swift */; };
		08094C6225DF62950093315B /* TableViewCell.swift in Sources */ = {isa = PBXBuildFile; fileRef = 08094C6025DF62950093315B /* TableViewCell.swift */; };
		08094C6325DF62950093315B /* TableViewCell.xib in Resources */ = {isa = PBXBuildFile; fileRef = 08094C6125DF62950093315B /* TableViewCell.xib */; };
/* End PBXBuildFile section */

/* Begin PBXFileReference section */
		08094C4425DF54390093315B /* Tableview-Xib.app */ = {isa = PBXFileReference; explicitFileType = wrapper.application; includeInIndex = 0; path = "Tableview-Xib.app"; sourceTree = BUILT_PRODUCTS_DIR; };
		08094C4725DF54390093315B /* AppDelegate.swift */ = {isa = PBXFileReference; lastKnownFileType = sourcecode.swift; path = AppDelegate.swift; sourceTree = "<group>"; };
		08094C4925DF54390093315B /* SceneDelegate.swift */ = {isa = PBXFileReference; lastKnownFileType = sourcecode.swift; path = SceneDelegate.swift; sourceTree = "<group>"; };
		08094C4E25DF54390093315B /* Base */ = {isa = PBXFileReference; lastKnownFileType = file.storyboard; name = Base; path = Base.lproj/Main.storyboard; sourceTree = "<group>"; };
		08094C5025DF543C0093315B /* Assets.xcassets */ = {isa = PBXFileReference; lastKnownFileType = folder.assetcatalog; path = Assets.xcassets; sourceTree = "<group>"; };
		08094C5325DF543C0093315B /* Base */ = {isa = PBXFileReference; lastKnownFileType = file.storyboard; name = Base; path = Base.lproj/LaunchScreen.storyboard; sourceTree = "<group>"; };
		08094C5525DF543C0093315B /* Info.plist */ = {isa = PBXFileReference; lastKnownFileType = text.plist.xml; path = Info.plist; sourceTree = "<group>"; };
		08094C5D25DF61360093315B /* TableViewController.swift */ = {isa = PBXFileReference; lastKnownFileType = sourcecode.swift; path = TableViewController.swift; sourceTree = "<group>"; };
		08094C6025DF62950093315B /* TableViewCell.swift */ = {isa = PBXFileReference; lastKnownFileType = sourcecode.swift; path = TableViewCell.swift; sourceTree = "<group>"; };
		08094C6125DF62950093315B /* TableViewCell.xib */ = {isa = PBXFileReference; lastKnownFileType = file.xib; path = TableViewCell.xib; sourceTree = "<group>"; };
/* End PBXFileReference section */

/* Begin PBXFrameworksBuildPhase section */
		08094C4125DF54390093315B /* Frameworks */ = {
			isa = PBXFrameworksBuildPhase;
			buildActionMask = 2147483647;
			files = (
			);
			runOnlyForDeploymentPostprocessing = 0;
		};
/* End PBXFrameworksBuildPhase section */

/* Begin PBXGroup section */
		08094C3B25DF54390093315B = {
			isa = PBXGroup;
			children = (
				08094C4625DF54390093315B /* Tableview-Xib */,
				08094C4525DF54390093315B /* Products */,
			);
			sourceTree = "<group>";
		};
		08094C4525DF54390093315B /* Products */ = {
			isa = PBXGroup;
			children = (
				08094C4425DF54390093315B /* Tableview-Xib.app */,
			);
			name = Products;
			sourceTree = "<group>";
		};
		08094C4625DF54390093315B /* Tableview-Xib */ = {
			isa = PBXGroup;
			children = (
				08094C4725DF54390093315B /* AppDelegate.swift */,
				08094C4925DF54390093315B /* SceneDelegate.swift */,
				08094C4D25DF54390093315B /* Main.storyboard */,
				08094C5025DF543C0093315B /* Assets.xcassets */,
				08094C5225DF543C0093315B /* LaunchScreen.storyboard */,
				08094C5525DF543C0093315B /* Info.plist */,
				08094C5D25DF61360093315B /* TableViewController.swift */,
				08094C6025DF62950093315B /* TableViewCell.swift */,
				08094C6125DF62950093315B /* TableViewCell.xib */,
			);
			path = "Tableview-Xib";
			sourceTree = "<group>";
		};
/* End PBXGroup section */

/* Begin PBXNativeTarget section */
		08094C4325DF54390093315B /* Tableview-Xib */ = {
			isa = PBXNativeTarget;
			buildConfigurationList = 08094C5825DF543C0093315B /* Build configuration list for PBXNativeTarget "Tableview-Xib" */;
			buildPhases = (
				08094C4025DF54390093315B /* Sources */,
				08094C4125DF54390093315B /* Frameworks */,
				08094C4225DF54390093315B /* Resources */,
			);
			buildRules = (
			);
			dependencies = (
			);
			name = "Tableview-Xib";
			productName = "Tableview-Xib";
			productReference = 08094C4425DF54390093315B /* Tableview-Xib.app */;
			productType = "com.apple.product-type.application";
		};
/* End PBXNativeTarget section */

/* Begin PBXProject section */
		08094C3C25DF54390093315B /* Project object */ = {
			isa = PBXProject;
			attributes = {
				LastSwiftUpdateCheck = 1240;
				LastUpgradeCheck = 1240;
				TargetAttributes = {
					08094C4325DF54390093315B = {
						CreatedOnToolsVersion = 12.4;
					};
				};
			};
			buildConfigurationList = 08094C3F25DF54390093315B /* Build configuration list for PBXProject "Tableview-Xib" */;
			compatibilityVersion = "Xcode 9.3";
			developmentRegion = en;
			hasScannedForEncodings = 0;
			knownRegions = (
				en,
				Base,
			);
			mainGroup = 08094C3B25DF54390093315B;
			productRefGroup = 08094C4525DF54390093315B /* Products */;
			projectDirPath = "";
			projectRoot = "";
			targets = (
				08094C4325DF54390093315B /* Tableview-Xib */,
			);
		};
/* End PBXProject section */

/* Begin PBXResourcesBuildPhase section */
		08094C4225DF54390093315B /* Resources */ = {
			isa = PBXResourcesBuildPhase;
			buildActionMask = 2147483647;
			files = (
				08094C5425DF543C0093315B /* LaunchScreen.storyboard in Resources */,
				08094C6325DF62950093315B /* TableViewCell.xib in Resources */,
				08094C5125DF543C0093315B /* Assets.xcassets in Resources */,
				08094C4F25DF54390093315B /* Main.storyboard in Resources */,
			);
			runOnlyForDeploymentPostprocessing = 0;
		};
/* End PBXResourcesBuildPhase section */

/* Begin PBXSourcesBuildPhase section */
		08094C4025DF54390093315B /* Sources */ = {
			isa = PBXSourcesBuildPhase;
			buildActionMask = 2147483647;
			files = (
				08094C4825DF54390093315B /* AppDelegate.swift in Sources */,
				08094C6225DF62950093315B /* TableViewCell.swift in Sources */,
				08094C5E25DF61360093315B /* TableViewController.swift in Sources */,
				08094C4A25DF54390093315B /* SceneDelegate.swift in Sources */,
			);
			runOnlyForDeploymentPostprocessing = 0;
		};
/* End PBXSourcesBuildPhase section */

/* Begin PBXVariantGroup section */
		08094C4D25DF54390093315B /* Main.storyboard */ = {
			isa = PBXVariantGroup;
			children = (
				08094C4E25DF54390093315B /* Base */,
			);
			name = Main.storyboard;
			sourceTree = "<group>";
		};
		08094C5225DF543C0093315B /* LaunchScreen.storyboard */ = {
			isa = PBXVariantGroup;
			children = (
				08094C5325DF543C0093315B /* Base */,
			);
			name = LaunchScreen.storyboard;
			sourceTree = "<group>";
		};
/* End PBXVariantGroup section */

/* Begin XCBuildConfiguration section */
		08094C5625DF543C0093315B /* Debug */ = {
			isa = XCBuildConfiguration;
			buildSettings = {
				ALWAYS_SEARCH_USER_PATHS = NO;
				CLANG_ANALYZER_NONNULL = YES;
				CLANG_ANALYZER_NUMBER_OBJECT_CONVERSION = YES_AGGRESSIVE;
				CLANG_CXX_LANGUAGE_STANDARD = "gnu++14";
				CLANG_CXX_LIBRARY = "libc++";
				CLANG_ENABLE_MODULES = YES;
				CLANG_ENABLE_OBJC_ARC = YES;
				CLANG_ENABLE_OBJC_WEAK = YES;
				CLANG_WARN_BLOCK_CAPTURE_AUTORELEASING = YES;
				CLANG_WARN_BOOL_CONVERSION = YES;
				CLANG_WARN_COMMA = YES;
				CLANG_WARN_CONSTANT_CONVERSION = YES;
				CLANG_WARN_DEPRECATED_OBJC_IMPLEMENTATIONS = YES;
				CLANG_WARN_DIRECT_OBJC_ISA_USAGE = YES_ERROR;
				CLANG_WARN_DOCUMENTATION_COMMENTS = YES;
				CLANG_WARN_EMPTY_BODY = YES;
				CLANG_WARN_ENUM_CONVERSION = YES;
				CLANG_WARN_INFINITE_RECURSION = YES;
				CLANG_WARN_INT_CONVERSION = YES;
				CLANG_WARN_NON_LITERAL_NULL_CONVERSION = YES;
				CLANG_WARN_OBJC_IMPLICIT_RETAIN_SELF = YES;
				CLANG_WARN_OBJC_LITERAL_CONVERSION = YES;
				CLANG_WARN_OBJC_ROOT_CLASS = YES_ERROR;
				CLANG_WARN_QUOTED_INCLUDE_IN_FRAMEWORK_HEADER = YES;
				CLANG_WARN_RANGE_LOOP_ANALYSIS = YES;
				CLANG_WARN_STRICT_PROTOTYPES = YES;
				CLANG_WARN_SUSPICIOUS_MOVE = YES;
				CLANG_WARN_UNGUARDED_AVAILABILITY = YES_AGGRESSIVE;
				CLANG_WARN_UNREACHABLE_CODE = YES;
				CLANG_WARN__DUPLICATE_METHOD_MATCH = YES;
				COPY_PHASE_STRIP = NO;
				DEBUG_INFORMATION_FORMAT = dwarf;
				ENABLE_STRICT_OBJC_MSGSEND = YES;
				ENABLE_TESTABILITY = YES;
				GCC_C_LANGUAGE_STANDARD = gnu11;
				GCC_DYNAMIC_NO_PIC = NO;
				GCC_NO_COMMON_BLOCKS = YES;
				GCC_OPTIMIZATION_LEVEL = 0;
				GCC_PREPROCESSOR_DEFINITIONS = (
					"DEBUG=1",
					"$(inherited)",
				);
				GCC_WARN_64_TO_32_BIT_CONVERSION = YES;
				GCC_WARN_ABOUT_RETURN_TYPE = YES_ERROR;
				GCC_WARN_UNDECLARED_SELECTOR = YES;
				GCC_WARN_UNINITIALIZED_AUTOS = YES_AGGRESSIVE;
				GCC_WARN_UNUSED_FUNCTION = YES;
				GCC_WARN_UNUSED_VARIABLE = YES;
				IPHONEOS_DEPLOYMENT_TARGET = 14.4;
				MTL_ENABLE_DEBUG_INFO = INCLUDE_SOURCE;
				MTL_FAST_MATH = YES;
				ONLY_ACTIVE_ARCH = YES;
				SDKROOT = iphoneos;
				SWIFT_ACTIVE_COMPILATION_CONDITIONS = DEBUG;
				SWIFT_OPTIMIZATION_LEVEL = "-Onone";
			};
			name = Debug;
		};
		08094C5725DF543C0093315B /* Release */ = {
			isa = XCBuildConfiguration;
			buildSettings = {
				ALWAYS_SEARCH_USER_PATHS = NO;
				CLANG_ANALYZER_NONNULL = YES;
				CLANG_ANALYZER_NUMBER_OBJECT_CONVERSION = YES_AGGRESSIVE;
				CLANG_CXX_LANGUAGE_STANDARD = "gnu++14";
				CLANG_CXX_LIBRARY = "libc++";
				CLANG_ENABLE_MODULES = YES;
				CLANG_ENABLE_OBJC_ARC = YES;
				CLANG_ENABLE_OBJC_WEAK = YES;
				CLANG_WARN_BLOCK_CAPTURE_AUTORELEASING = YES;
				CLANG_WARN_BOOL_CONVERSION = YES;
				CLANG_WARN_COMMA = YES;
				CLANG_WARN_CONSTANT_CONVERSION = YES;
				CLANG_WARN_DEPRECATED_OBJC_IMPLEMENTATIONS = YES;
				CLANG_WARN_DIRECT_OBJC_ISA_USAGE = YES_ERROR;
				CLANG_WARN_DOCUMENTATION_COMMENTS = YES;
				CLANG_WARN_EMPTY_BODY = YES;
				CLANG_WARN_ENUM_CONVERSION = YES;
				CLANG_WARN_INFINITE_RECURSION = YES;
				CLANG_WARN_INT_CONVERSION = YES;
				CLANG_WARN_NON_LITERAL_NULL_CONVERSION = YES;
				CLANG_WARN_OBJC_IMPLICIT_RETAIN_SELF = YES;
				CLANG_WARN_OBJC_LITERAL_CONVERSION = YES;
				CLANG_WARN_OBJC_ROOT_CLASS = YES_ERROR;
				CLANG_WARN_QUOTED_INCLUDE_IN_FRAMEWORK_HEADER = YES;
				CLANG_WARN_RANGE_LOOP_ANALYSIS = YES;
				CLANG_WARN_STRICT_PROTOTYPES = YES;
				CLANG_WARN_SUSPICIOUS_MOVE = YES;
				CLANG_WARN_UNGUARDED_AVAILABILITY = YES_AGGRESSIVE;
				CLANG_WARN_UNREACHABLE_CODE = YES;
				CLANG_WARN__DUPLICATE_METHOD_MATCH = YES;
				COPY_PHASE_STRIP = NO;
				DEBUG_INFORMATION_FORMAT = "dwarf-with-dsym";
				ENABLE_NS_ASSERTIONS = NO;
				ENABLE_STRICT_OBJC_MSGSEND = YES;
				GCC_C_LANGUAGE_STANDARD = gnu11;
				GCC_NO_COMMON_BLOCKS = YES;
				GCC_WARN_64_TO_32_BIT_CONVERSION = YES;
				GCC_WARN_ABOUT_RETURN_TYPE = YES_ERROR;
				GCC_WARN_UNDECLARED_SELECTOR = YES;
				GCC_WARN_UNINITIALIZED_AUTOS = YES_AGGRESSIVE;
				GCC_WARN_UNUSED_FUNCTION = YES;
				GCC_WARN_UNUSED_VARIABLE = YES;
				IPHONEOS_DEPLOYMENT_TARGET = 14.4;
				MTL_ENABLE_DEBUG_INFO = NO;
				MTL_FAST_MATH = YES;
				SDKROOT = iphoneos;
				SWIFT_COMPILATION_MODE = wholemodule;
				SWIFT_OPTIMIZATION_LEVEL = "-O";
				VALIDATE_PRODUCT = YES;
			};
			name = Release;
		};
		08094C5925DF543C0093315B /* Debug */ = {
			isa = XCBuildConfiguration;
			buildSettings = {
				ASSETCATALOG_COMPILER_APPICON_NAME = AppIcon;
				ASSETCATALOG_COMPILER_GLOBAL_ACCENT_COLOR_NAME = AccentColor;
				CODE_SIGN_STYLE = Automatic;
				DEVELOPMENT_TEAM = G8P8HY255N;
				INFOPLIST_FILE = "Tableview-Xib/Info.plist";
				LD_RUNPATH_SEARCH_PATHS = (
					"$(inherited)",
					"@executable_path/Frameworks",
				);
				PRODUCT_BUNDLE_IDENTIFIER = "edu.northeastern.singh.Tableview-Xib";
				PRODUCT_NAME = "$(TARGET_NAME)";
				SWIFT_VERSION = 5.0;
				TARGETED_DEVICE_FAMILY = "1,2";
			};
			name = Debug;
		};
		08094C5A25DF543C0093315B /* Release */ = {
			isa = XCBuildConfiguration;
			buildSettings = {
				ASSETCATALOG_COMPILER_APPICON_NAME = AppIcon;
				ASSETCATALOG_COMPILER_GLOBAL_ACCENT_COLOR_NAME = AccentColor;
				CODE_SIGN_STYLE = Automatic;
				DEVELOPMENT_TEAM = G8P8HY255N;
				INFOPLIST_FILE = "Tableview-Xib/Info.plist";
				LD_RUNPATH_SEARCH_PATHS = (
					"$(inherited)",
					"@executable_path/Frameworks",
				);
				PRODUCT_BUNDLE_IDENTIFIER = "edu.northeastern.singh.Tableview-Xib";
				PRODUCT_NAME = "$(TARGET_NAME)";
				SWIFT_VERSION = 5.0;
				TARGETED_DEVICE_FAMILY = "1,2";
			};
			name = Release;
		};
/* End XCBuildConfiguration section */

/* Begin XCConfigurationList section */
		08094C3F25DF54390093315B /* Build configuration list for PBXProject "Tableview-Xib" */ = {
			isa = XCConfigurationList;
			buildConfigurations = (
				08094C5625DF543C0093315B /* Debug */,
				08094C5725DF543C0093315B /* Release */,
			);
			defaultConfigurationIsVisible = 0;
			defaultConfigurationName = Release;
		};
		08094C5825DF543C0093315B /* Build configuration list for PBXNativeTarget "Tableview-Xib" */ = {
			isa = XCConfigurationList;
			buildConfigurations = (
				08094C5925DF543C0093315B /* Debug */,
				08094C5A25DF543C0093315B /* Release */,
			);
			defaultConfigurationIsVisible = 0;
			defaultConfigurationName = Release;
		};
/* End XCConfigurationList section */
	};
	rootObject = 08094C3C25DF54390093315B /* Project object */;
}
